// !$*UTF8*$!
{
	archiveVersion = 1;
	classes = {
	};
	objectVersion = 56;
	objects = {

/* Begin PBXBuildFile section */
		D1A503AA2CE28077E5ED3466 /* AppState.swift in Sources */ = {isa = PBXBuildFile; fileRef = 51E6A9DFB7C5D32637F52DB2 /* AppState.swift */; };
		16AAE5C6CB3F6A942BC19BC4 /* VibeApp.swift in Sources */ = {isa = PBXBuildFile; fileRef = 1ADBE66469BBD0AF73E40654 /* VibeApp.swift */; };
		B9039CB32ADECFA81CB9613C /* APIError.swift in Sources */ = {isa = PBXBuildFile; fileRef = 0F5F234A45151A315476BA84 /* APIError.swift */; };
		0B7D16CE63794F38220C1F18 /* LocalizationManager.swift in Sources */ = {isa = PBXBuildFile; fileRef = EEF3AAE16FFEB378ECAD50EB /* LocalizationManager.swift */; };
		59C151FD421C3C6FB171D203 /* SessionManager.swift in Sources */ = {isa = PBXBuildFile; fileRef = 7103916CCDF01340C804C8D8 /* SessionManager.swift */; };
		B91E6812ACCE6D099C646E94 /* InterestData.swift in Sources */ = {isa = PBXBuildFile; fileRef = C799E234FE53B1731231BF63 /* InterestData.swift */; };
		2F70E62C4F7355C5E48F9813 /* Models.swift in Sources */ = {isa = PBXBuildFile; fileRef = 32A1F601045BA700DEE3268F /* Models.swift */; };
		DDBA2889160EB9221F1974D9 /* OnboardingData.swift in Sources */ = {isa = PBXBuildFile; fileRef = C1F9FE1310C7E9B45041BC08 /* OnboardingData.swift */; };
		9914F8ACCD22E29347EB07EE /* SupabaseClient.swift in Sources */ = {isa = PBXBuildFile; fileRef = B24826C5EE30B4FA1C213BFC /* SupabaseClient.swift */; };
		B1D7D0A868B7DA3BDA4B4C99 /* AuthComponents.swift in Sources */ = {isa = PBXBuildFile; fileRef = C47B0266A9C186291F005E77 /* AuthComponents.swift */; };
		9DF72BC7B0ABFD312D838A49 /* CosmicBackground.swift in Sources */ = {isa = PBXBuildFile; fileRef = 6C94BAF8A343A40049984648 /* CosmicBackground.swift */; };
		C47D8801BACFBD59C922D3D6 /* FlowLayout.swift in Sources */ = {isa = PBXBuildFile; fileRef = FD813FF86455BDCDA485CA61 /* FlowLayout.swift */; };
		55F68E16A6897D4F6C8644B6 /* L10n.swift in Sources */ = {isa = PBXBuildFile; fileRef = D14235B6C9E6191F08EBA31D /* L10n.swift */; };
		2DF313B78EC689D01273DF90 /* RoomCard.swift in Sources */ = {isa = PBXBuildFile; fileRef = DAB27E9EF7E75E7D3F980DA4 /* RoomCard.swift */; };
		D18381480924FC8EB4F687D9 /* Theme.swift in Sources */ = {isa = PBXBuildFile; fileRef = 74845CA7BFF6F8C40D6FA4A7 /* Theme.swift */; };
		FEDB43CD0C90E431FA0B98C3 /* YouTubeWebView.swift in Sources */ = {isa = PBXBuildFile; fileRef = 9A1D5A359CEC98EDD6B2A5BA /* YouTubeWebView.swift */; };
		C138061FFFE091CF3ADCE5C3 /* RootView.swift in Sources */ = {isa = PBXBuildFile; fileRef = 82D3B83E006E8C811130C1A7 /* RootView.swift */; };
		16E9481B884A6865638F5801 /* ForgotPasswordView.swift in Sources */ = {isa = PBXBuildFile; fileRef = 328D5CBC5B05169ADC891331 /* ForgotPasswordView.swift */; };
		4C7C4F8D6746E3E850E61D9A /* LoginView.swift in Sources */ = {isa = PBXBuildFile; fileRef = 6984D36E4381DF2C8CD6A30F /* LoginView.swift */; };
		8540F834EAD3F3B9FC98EED7 /* OTPView.swift in Sources */ = {isa = PBXBuildFile; fileRef = 7AD8F7C2546022F2F19D112A /* OTPView.swift */; };
		5258E9B02A2BABB39C4EB47B /* ResetPasswordView.swift in Sources */ = {isa = PBXBuildFile; fileRef = 12FC3D443C0E03723696C07A /* ResetPasswordView.swift */; };
		9F4C3AF0640614C987EA2EE9 /* SignUpView.swift in Sources */ = {isa = PBXBuildFile; fileRef = F37E331C0D95F7E811D899AE /* SignUpView.swift */; };
		953BECD14E06822BD75B7A26 /* WelcomeView.swift in Sources */ = {isa = PBXBuildFile; fileRef = 3FE1CCB0744C7340B7944ECD /* WelcomeView.swift */; };
		CE2870FE0B9B5DFD3236DEAD /* ChatInboxView.swift in Sources */ = {isa = PBXBuildFile; fileRef = BA3CFFDA55925A3ABCB49AC2 /* ChatInboxView.swift */; };
		91E8109CD25848F7EC0907CE /* CinemaView.swift in Sources */ = {isa = PBXBuildFile; fileRef = CAC7D33346169C67A62EB0DE /* CinemaView.swift */; };
		C3D540D2090DC187D7CF7721 /* DiscoveryView.swift in Sources */ = {isa = PBXBuildFile; fileRef = D92EA5C298F96F2A4F57A0FE /* DiscoveryView.swift */; };
		3BACA906C5CDE1C344D1BF08 /* ExploreView.swift in Sources */ = {isa = PBXBuildFile; fileRef = 07C6E436DDAA70DFE574EAA1 /* ExploreView.swift */; };
		94636059BB20F6473808D42F /* GamesView.swift in Sources */ = {isa = PBXBuildFile; fileRef = 6793242A690940788B1804CC /* GamesView.swift */; };
		029268C43EECE4A86BBD21DC /* LikesView.swift in Sources */ = {isa = PBXBuildFile; fileRef = B845C89D040AA29FC6212871 /* LikesView.swift */; };
		66B160AB4BF70E14FB893F4E /* MainTabView.swift in Sources */ = {isa = PBXBuildFile; fileRef = B6C7EE0702E4C45CE2BCC28F /* MainTabView.swift */; };
		B16606F19F1DE3768DD4FE48 /* PodcastView.swift in Sources */ = {isa = PBXBuildFile; fileRef = 61164815ED05474BE534C0E0 /* PodcastView.swift */; };
		574791895ECB8F8B7EC1C6A0 /* ProfileView.swift in Sources */ = {isa = PBXBuildFile; fileRef = BE988C250F05837B03CE1919 /* ProfileView.swift */; };
		20A959F38033A27ACDB337A1 /* RoomChatView.swift in Sources */ = {isa = PBXBuildFile; fileRef = 92B3D7204F77388412E5832D /* RoomChatView.swift */; };
		CECF99F425C855D27668CE6C /* RoomView.swift in Sources */ = {isa = PBXBuildFile; fileRef = 3F0929F9292FE48D34258670 /* RoomView.swift */; };
		37198F8D7E28ED73DADF0EDE /* RoomsView.swift in Sources */ = {isa = PBXBuildFile; fileRef = FD4A587EE4684DBED0F5A3E4 /* RoomsView.swift */; };
		40F1359330B2A01ADC4C7E47 /* OnboardingView.swift in Sources */ = {isa = PBXBuildFile; fileRef = 75367211661EFFE54C3D3C51 /* OnboardingView.swift */; };
		D214C0B18FE5DE5F55452168 /* AuthService.swift in Sources */ = {isa = PBXBuildFile; fileRef = BDAD37B438DEF19033CEAC5A /* AuthService.swift */; };
		B6FA5ACD6D500AC875390848 /* DataService.swift in Sources */ = {isa = PBXBuildFile; fileRef = 7FCADD2F8D5DA3F51A6C443A /* DataService.swift */; };
		EECD03B25E695EA8A8E210FE /* Assets.xcassets in Resources */ = {isa = PBXBuildFile; fileRef = 39BFAB7D0E2086E6EBE1AB45 /* Assets.xcassets */; };
		0BBC401D6B2F7DBFC4684181 /* VibeUITests.swift in Sources */ = {isa = PBXBuildFile; fileRef = 0CDB7583270DBC97A4902018 /* VibeUITests.swift */; };
/* End PBXBuildFile section */

/* Begin PBXFileReference section */
		51E6A9DFB7C5D32637F52DB2 /* AppState.swift */ = {isa = PBXFileReference; lastKnownFileType = sourcecode.swift; path = AppState.swift; sourceTree = "<group>"; };
		1ADBE66469BBD0AF73E40654 /* VibeApp.swift */ = {isa = PBXFileReference; lastKnownFileType = sourcecode.swift; path = VibeApp.swift; sourceTree = "<group>"; };
		0F5F234A45151A315476BA84 /* APIError.swift */ = {isa = PBXFileReference; lastKnownFileType = sourcecode.swift; path = APIError.swift; sourceTree = "<group>"; };
		EEF3AAE16FFEB378ECAD50EB /* LocalizationManager.swift */ = {isa = PBXFileReference; lastKnownFileType = sourcecode.swift; path = LocalizationManager.swift; sourceTree = "<group>"; };
		7103916CCDF01340C804C8D8 /* SessionManager.swift */ = {isa = PBXFileReference; lastKnownFileType = sourcecode.swift; path = SessionManager.swift; sourceTree = "<group>"; };
		C799E234FE53B1731231BF63 /* InterestData.swift */ = {isa = PBXFileReference; lastKnownFileType = sourcecode.swift; path = InterestData.swift; sourceTree = "<group>"; };
		32A1F601045BA700DEE3268F /* Models.swift */ = {isa = PBXFileReference; lastKnownFileType = sourcecode.swift; path = Models.swift; sourceTree = "<group>"; };
		C1F9FE1310C7E9B45041BC08 /* OnboardingData.swift */ = {isa = PBXFileReference; lastKnownFileType = sourcecode.swift; path = OnboardingData.swift; sourceTree = "<group>"; };
		B24826C5EE30B4FA1C213BFC /* SupabaseClient.swift */ = {isa = PBXFileReference; lastKnownFileType = sourcecode.swift; path = SupabaseClient.swift; sourceTree = "<group>"; };
		C47B0266A9C186291F005E77 /* AuthComponents.swift */ = {isa = PBXFileReference; lastKnownFileType = sourcecode.swift; path = AuthComponents.swift; sourceTree = "<group>"; };
		6C94BAF8A343A40049984648 /* CosmicBackground.swift */ = {isa = PBXFileReference; lastKnownFileType = sourcecode.swift; path = CosmicBackground.swift; sourceTree = "<group>"; };
		FD813FF86455BDCDA485CA61 /* FlowLayout.swift */ = {isa = PBXFileReference; lastKnownFileType = sourcecode.swift; path = FlowLayout.swift; sourceTree = "<group>"; };
		D14235B6C9E6191F08EBA31D /* L10n.swift */ = {isa = PBXFileReference; lastKnownFileType = sourcecode.swift; path = L10n.swift; sourceTree = "<group>"; };
		DAB27E9EF7E75E7D3F980DA4 /* RoomCard.swift */ = {isa = PBXFileReference; lastKnownFileType = sourcecode.swift; path = RoomCard.swift; sourceTree = "<group>"; };
		74845CA7BFF6F8C40D6FA4A7 /* Theme.swift */ = {isa = PBXFileReference; lastKnownFileType = sourcecode.swift; path = Theme.swift; sourceTree = "<group>"; };
		9A1D5A359CEC98EDD6B2A5BA /* YouTubeWebView.swift */ = {isa = PBXFileReference; lastKnownFileType = sourcecode.swift; path = YouTubeWebView.swift; sourceTree = "<group>"; };
		82D3B83E006E8C811130C1A7 /* RootView.swift */ = {isa = PBXFileReference; lastKnownFileType = sourcecode.swift; path = RootView.swift; sourceTree = "<group>"; };
		328D5CBC5B05169ADC891331 /* ForgotPasswordView.swift */ = {isa = PBXFileReference; lastKnownFileType = sourcecode.swift; path = ForgotPasswordView.swift; sourceTree = "<group>"; };
		6984D36E4381DF2C8CD6A30F /* LoginView.swift */ = {isa = PBXFileReference; lastKnownFileType = sourcecode.swift; path = LoginView.swift; sourceTree = "<group>"; };
		7AD8F7C2546022F2F19D112A /* OTPView.swift */ = {isa = PBXFileReference; lastKnownFileType = sourcecode.swift; path = OTPView.swift; sourceTree = "<group>"; };
		12FC3D443C0E03723696C07A /* ResetPasswordView.swift */ = {isa = PBXFileReference; lastKnownFileType = sourcecode.swift; path = ResetPasswordView.swift; sourceTree = "<group>"; };
		F37E331C0D95F7E811D899AE /* SignUpView.swift */ = {isa = PBXFileReference; lastKnownFileType = sourcecode.swift; path = SignUpView.swift; sourceTree = "<group>"; };
		3FE1CCB0744C7340B7944ECD /* WelcomeView.swift */ = {isa = PBXFileReference; lastKnownFileType = sourcecode.swift; path = WelcomeView.swift; sourceTree = "<group>"; };
		BA3CFFDA55925A3ABCB49AC2 /* ChatInboxView.swift */ = {isa = PBXFileReference; lastKnownFileType = sourcecode.swift; path = ChatInboxView.swift; sourceTree = "<group>"; };
		CAC7D33346169C67A62EB0DE /* CinemaView.swift */ = {isa = PBXFileReference; lastKnownFileType = sourcecode.swift; path = CinemaView.swift; sourceTree = "<group>"; };
		D92EA5C298F96F2A4F57A0FE /* DiscoveryView.swift */ = {isa = PBXFileReference; lastKnownFileType = sourcecode.swift; path = DiscoveryView.swift; sourceTree = "<group>"; };
		07C6E436DDAA70DFE574EAA1 /* ExploreView.swift */ = {isa = PBXFileReference; lastKnownFileType = sourcecode.swift; path = ExploreView.swift; sourceTree = "<group>"; };
		6793242A690940788B1804CC /* GamesView.swift */ = {isa = PBXFileReference; lastKnownFileType = sourcecode.swift; path = GamesView.swift; sourceTree = "<group>"; };
		B845C89D040AA29FC6212871 /* LikesView.swift */ = {isa = PBXFileReference; lastKnownFileType = sourcecode.swift; path = LikesView.swift; sourceTree = "<group>"; };
		B6C7EE0702E4C45CE2BCC28F /* MainTabView.swift */ = {isa = PBXFileReference; lastKnownFileType = sourcecode.swift; path = MainTabView.swift; sourceTree = "<group>"; };
		61164815ED05474BE534C0E0 /* PodcastView.swift */ = {isa = PBXFileReference; lastKnownFileType = sourcecode.swift; path = PodcastView.swift; sourceTree = "<group>"; };
		BE988C250F05837B03CE1919 /* ProfileView.swift */ = {isa = PBXFileReference; lastKnownFileType = sourcecode.swift; path = ProfileView.swift; sourceTree = "<group>"; };
		92B3D7204F77388412E5832D /* RoomChatView.swift */ = {isa = PBXFileReference; lastKnownFileType = sourcecode.swift; path = RoomChatView.swift; sourceTree = "<group>"; };
		3F0929F9292FE48D34258670 /* RoomView.swift */ = {isa = PBXFileReference; lastKnownFileType = sourcecode.swift; path = RoomView.swift; sourceTree = "<group>"; };
		FD4A587EE4684DBED0F5A3E4 /* RoomsView.swift */ = {isa = PBXFileReference; lastKnownFileType = sourcecode.swift; path = RoomsView.swift; sourceTree = "<group>"; };
		75367211661EFFE54C3D3C51 /* OnboardingView.swift */ = {isa = PBXFileReference; lastKnownFileType = sourcecode.swift; path = OnboardingView.swift; sourceTree = "<group>"; };
		BDAD37B438DEF19033CEAC5A /* AuthService.swift */ = {isa = PBXFileReference; lastKnownFileType = sourcecode.swift; path = AuthService.swift; sourceTree = "<group>"; };
		7FCADD2F8D5DA3F51A6C443A /* DataService.swift */ = {isa = PBXFileReference; lastKnownFileType = sourcecode.swift; path = DataService.swift; sourceTree = "<group>"; };
		39BFAB7D0E2086E6EBE1AB45 /* Assets.xcassets */ = {isa = PBXFileReference; lastKnownFileType = folder.assetcatalog; path = Assets.xcassets; sourceTree = "<group>"; };
		7B594B6DB375E1BF3F23CDD6 /* Info.plist */ = {isa = PBXFileReference; lastKnownFileType = text.plist.xml; path = Info.plist; sourceTree = "<group>"; };
		02688DC74EFFB59DBC8F36FC /* Vibe.entitlements */ = {isa = PBXFileReference; lastKnownFileType = text.plist.entitlements; path = Vibe.entitlements; sourceTree = "<group>"; };
		D957E19B16B69713B7749A90 /* Vibe.app */ = {isa = PBXFileReference; explicitFileType = wrapper.application; includeInIndex = 0; path = Vibe.app; sourceTree = BUILT_PRODUCTS_DIR; };
		0CDB7583270DBC97A4902018 /* VibeUITests.swift */ = {isa = PBXFileReference; lastKnownFileType = sourcecode.swift; path = VibeUITests.swift; sourceTree = "<group>"; };
		18EA88F07B73E4C2C51328FA /* VibeUITests.xctest */ = {isa = PBXFileReference; explicitFileType = wrapper.cfbundle; includeInIndex = 0; path = VibeUITests.xctest; sourceTree = BUILT_PRODUCTS_DIR; };
/* End PBXFileReference section */

/* Begin PBXFrameworksBuildPhase section */
		69680EDE0CF9B24DB8DBFE04 /* Frameworks */ = {
			isa = PBXFrameworksBuildPhase;
			buildActionMask = 2147483647;
			files = (
			);
			runOnlyForDeploymentPostprocessing = 0;
		};
		C0F365970675177FA8B43BFD /* Frameworks */ = {
			isa = PBXFrameworksBuildPhase;
			buildActionMask = 2147483647;
			files = (
			);
			runOnlyForDeploymentPostprocessing = 0;
		};
/* End PBXFrameworksBuildPhase section */

/* Begin PBXGroup section */
		870B3294C0CBD48AF6BBCC1B = {
			isa = PBXGroup;
			children = (
				CB3BEA8752EDEF0D1F581A76 /* Vibe */,
				7C39814B6504773DC5D6C141 /* VibeUITests */,
				615B463D1028E4E24B674CF7 /* Products */,
			);
			sourceTree = "<group>";
		};
		615B463D1028E4E24B674CF7 /* Products */ = {
			isa = PBXGroup;
			children = (
				D957E19B16B69713B7749A90 /* Vibe.app */,
				18EA88F07B73E4C2C51328FA /* VibeUITests.xctest */,
			);
			name = Products;
			sourceTree = "<group>";
		};
		7C39814B6504773DC5D6C141 /* VibeUITests */ = {
			isa = PBXGroup;
			children = (
				0CDB7583270DBC97A4902018 /* VibeUITests.swift */,
			);
			path = VibeUITests;
			sourceTree = "<group>";
		};
		CB3BEA8752EDEF0D1F581A76 /* Vibe */ = {
			isa = PBXGroup;
			children = (
				9886C73569CDD36B516E59AE,
				1F270F1F39A8E239D5F3A410,
				1733497EE9B66B4253D84CA0,
				77C21781EB4D41AEB980E637,
				AD2C25B47F036C530BA7461E,
				837E32C92F67DEF6C5864EC0,
				E642651E1825C885D22D9171,
				9A47164C5CAEC9CE3A1F1D5B,
				EB6DFDAA7FD7426734660110,
				CCE9C0B69CEE04F55004FED0,
				02688DC74EFFB59DBC8F36FC,
			);
			path = Vibe;
			sourceTree = "<group>";
		};
		9886C73569CDD36B516E59AE /* App */ = {
			isa = PBXGroup;
			children = (
				1ADBE66469BBD0AF73E40654,
			);
			path = App;
			sourceTree = "<group>";
		};
		1F270F1F39A8E239D5F3A410 /* Components */ = {
			isa = PBXGroup;
			children = (
				C47B0266A9C186291F005E77,
				6C94BAF8A343A40049984648,
				FD813FF86455BDCDA485CA61,
				D14235B6C9E6191F08EBA31D,
				DAB27E9EF7E75E7D3F980DA4,
				74845CA7BFF6F8C40D6FA4A7,
				9A1D5A359CEC98EDD6B2A5BA,
			);
			path = Components;
			sourceTree = "<group>";
		};
		1733497EE9B66B4253D84CA0 /* Managers */ = {
			isa = PBXGroup;
			children = (
				EEF3AAE16FFEB378ECAD50EB,
				7103916CCDF01340C804C8D8,
			);
			path = Managers;
			sourceTree = "<group>";
		};
		77C21781EB4D41AEB980E637 /* Models */ = {
			isa = PBXGroup;
			children = (
				C799E234FE53B1731231BF63,
				32A1F601045BA700DEE3268F,
				C1F9FE1310C7E9B45041BC08,
			);
			path = Models;
			sourceTree = "<group>";
		};
		AD2C25B47F036C530BA7461E /* Networking */ = {
			isa = PBXGroup;
			children = (
				0F5F234A45151A315476BA84,
			);
			path = Networking;
			sourceTree = "<group>";
		};
		837E32C92F67DEF6C5864EC0 /* Resources */ = {
			isa = PBXGroup;
			children = (
				39BFAB7D0E2086E6EBE1AB45,
				7B594B6DB375E1BF3F23CDD6,
			);
			path = Resources;
			sourceTree = "<group>";
		};
		E642651E1825C885D22D9171 /* Services */ = {
			isa = PBXGroup;
			children = (
				BDAD37B438DEF19033CEAC5A,
				7FCADD2F8D5DA3F51A6C443A,
			);
			path = Services;
			sourceTree = "<group>";
		};
		9A47164C5CAEC9CE3A1F1D5B /* Supabase */ = {
			isa = PBXGroup;
			children = (
				B24826C5EE30B4FA1C213BFC,
			);
			path = Supabase;
			sourceTree = "<group>";
		};
		EB6DFDAA7FD7426734660110 /* ViewModels */ = {
			isa = PBXGroup;
			children = (
				51E6A9DFB7C5D32637F52DB2,
			);
			path = ViewModels;
			sourceTree = "<group>";
		};
		CCE9C0B69CEE04F55004FED0 /* Views */ = {
			isa = PBXGroup;
			children = (
				7AC8B8948F77222AC5C8A812,
				5FCB3FBAC02CF1EF263E82E2,
				106AD59B5AE053BE14B53E86,
				82D3B83E006E8C811130C1A7,
			);
			path = Views;
			sourceTree = "<group>";
		};
		7AC8B8948F77222AC5C8A812 /* Auth */ = {
			isa = PBXGroup;
			children = (
				328D5CBC5B05169ADC891331,
				6984D36E4381DF2C8CD6A30F,
				7AD8F7C2546022F2F19D112A,
				12FC3D443C0E03723696C07A,
				F37E331C0D95F7E811D899AE,
				3FE1CCB0744C7340B7944ECD,
			);
			path = Auth;
			sourceTree = "<group>";
		};
		5FCB3FBAC02CF1EF263E82E2 /* Main */ = {
			isa = PBXGroup;
			children = (
				BA3CFFDA55925A3ABCB49AC2,
				CAC7D33346169C67A62EB0DE,
				D92EA5C298F96F2A4F57A0FE,
				07C6E436DDAA70DFE574EAA1,
				6793242A690940788B1804CC,
				B845C89D040AA29FC6212871,
				B6C7EE0702E4C45CE2BCC28F,
				61164815ED05474BE534C0E0,
				BE988C250F05837B03CE1919,
				92B3D7204F77388412E5832D,
				3F0929F9292FE48D34258670,
				FD4A587EE4684DBED0F5A3E4,
			);
			path = Main;
			sourceTree = "<group>";
		};
		106AD59B5AE053BE14B53E86 /* Onboarding */ = {
			isa = PBXGroup;
			children = (
				75367211661EFFE54C3D3C51,
			);
			path = Onboarding;
			sourceTree = "<group>";
		};
/* End PBXGroup section */

/* Begin PBXNativeTarget section */
		0E8A3AD980EC179856012B7E /* Vibe */ = {
			isa = PBXNativeTarget;
			buildConfigurationList = 7DE97F2CECB2601227982F09 /* Build configuration list for PBXNativeTarget "Vibe" */;
			buildPhases = (
				F612CD2E22E187AC48B5913C /* Sources */,
				69680EDE0CF9B24DB8DBFE04 /* Frameworks */,
				86F6FE2DD6E869C1842A14B3 /* Resources */,
			);
			buildRules = (
			);
			dependencies = (
			);
			name = Vibe;
			productName = Vibe;
			productReference = D957E19B16B69713B7749A90 /* Vibe.app */;
			productType = "com.apple.product-type.application";
		};
		922C1ED034346FC9CC8F1EEC /* VibeUITests */ = {
			isa = PBXNativeTarget;
			buildConfigurationList = 58014BBE97CC20D7636AE8BD /* Build configuration list for PBXNativeTarget "VibeUITests" */;
			buildPhases = (
				4D33AD45EAF7E58DD0F1D97D /* Sources */,
				C0F365970675177FA8B43BFD /* Frameworks */,
			);
			buildRules = (
			);
			dependencies = (
				AF0FB728F3142D6B44312054 /* PBXTargetDependency */,
			);
			name = VibeUITests;
			productName = VibeUITests;
			productReference = 18EA88F07B73E4C2C51328FA /* VibeUITests.xctest */;
			productType = "com.apple.product-type.bundle.ui-testing";
		};
/* End PBXNativeTarget section */

/* Begin PBXContainerItemProxy section */
		E1E886C523BA547F0BF54F2B /* PBXContainerItemProxy */ = {
			isa = PBXContainerItemProxy;
			containerPortal = 98F54143AB4E86B28C3AFEE0 /* Project object */;
			proxyType = 1;
			remoteGlobalIDString = 0E8A3AD980EC179856012B7E;
			remoteInfo = Vibe;
		};
/* End PBXContainerItemProxy section */

/* Begin PBXTargetDependency section */
		AF0FB728F3142D6B44312054 /* PBXTargetDependency */ = {
			isa = PBXTargetDependency;
			target = 0E8A3AD980EC179856012B7E /* Vibe */;
			targetProxy = E1E886C523BA547F0BF54F2B /* PBXContainerItemProxy */;
		};
/* End PBXTargetDependency section */

/* Begin PBXProject section */
		98F54143AB4E86B28C3AFEE0 /* Project object */ = {
			isa = PBXProject;
			attributes = {
				BuildIndependentTargetsInParallel = 1;
				LastSwiftUpdateCheck = 1600;
				LastUpgradeCheck = 1600;
				TargetAttributes = {
					0E8A3AD980EC179856012B7E = {
						CreatedOnToolsVersion = 16.0;
					};
					922C1ED034346FC9CC8F1EEC = {
						CreatedOnToolsVersion = 16.0;
						TestTargetID = 0E8A3AD980EC179856012B7E;
					};
				};
			};
			buildConfigurationList = 6650A2B5E24FA7522CE6B81C /* Build configuration list for PBXProject "Vibe" */;
			compatibilityVersion = "Xcode 14.0";
			developmentRegion = en;
			hasScannedForEncodings = 0;
			knownRegions = (
				en,
				Base,
			);
			mainGroup = 870B3294C0CBD48AF6BBCC1B;
			productRefGroup = 615B463D1028E4E24B674CF7 /* Products */;
			projectDirPath = "";
			projectRoot = "";
			targets = (
				0E8A3AD980EC179856012B7E /* Vibe */,
				922C1ED034346FC9CC8F1EEC /* VibeUITests */,
			);
		};
/* End PBXProject section */

/* Begin PBXResourcesBuildPhase section */
		86F6FE2DD6E869C1842A14B3 /* Resources */ = {
			isa = PBXResourcesBuildPhase;
			buildActionMask = 2147483647;
			files = (
				EECD03B25E695EA8A8E210FE /* Assets.xcassets in Resources */,
			);
			runOnlyForDeploymentPostprocessing = 0;
		};
/* End PBXResourcesBuildPhase section */

/* Begin PBXSourcesBuildPhase section */
		F612CD2E22E187AC48B5913C /* Sources */ = {
			isa = PBXSourcesBuildPhase;
			buildActionMask = 2147483647;
			files = (
				D1A503AA2CE28077E5ED3466 /* AppState.swift in Sources */,
				16AAE5C6CB3F6A942BC19BC4 /* VibeApp.swift in Sources */,
				B9039CB32ADECFA81CB9613C /* APIError.swift in Sources */,
				0B7D16CE63794F38220C1F18 /* LocalizationManager.swift in Sources */,
				59C151FD421C3C6FB171D203 /* SessionManager.swift in Sources */,
				B91E6812ACCE6D099C646E94 /* InterestData.swift in Sources */,
				2F70E62C4F7355C5E48F9813 /* Models.swift in Sources */,
				DDBA2889160EB9221F1974D9 /* OnboardingData.swift in Sources */,
				9914F8ACCD22E29347EB07EE /* SupabaseClient.swift in Sources */,
				B1D7D0A868B7DA3BDA4B4C99 /* AuthComponents.swift in Sources */,
				9DF72BC7B0ABFD312D838A49 /* CosmicBackground.swift in Sources */,
				C47D8801BACFBD59C922D3D6 /* FlowLayout.swift in Sources */,
				55F68E16A6897D4F6C8644B6 /* L10n.swift in Sources */,
				2DF313B78EC689D01273DF90 /* RoomCard.swift in Sources */,
				D18381480924FC8EB4F687D9 /* Theme.swift in Sources */,
				FEDB43CD0C90E431FA0B98C3 /* YouTubeWebView.swift in Sources */,
				C138061FFFE091CF3ADCE5C3 /* RootView.swift in Sources */,
				16E9481B884A6865638F5801 /* ForgotPasswordView.swift in Sources */,
				4C7C4F8D6746E3E850E61D9A /* LoginView.swift in Sources */,
				8540F834EAD3F3B9FC98EED7 /* OTPView.swift in Sources */,
				5258E9B02A2BABB39C4EB47B /* ResetPasswordView.swift in Sources */,
				9F4C3AF0640614C987EA2EE9 /* SignUpView.swift in Sources */,
				953BECD14E06822BD75B7A26 /* WelcomeView.swift in Sources */,
				CE2870FE0B9B5DFD3236DEAD /* ChatInboxView.swift in Sources */,
				91E8109CD25848F7EC0907CE /* CinemaView.swift in Sources */,
				C3D540D2090DC187D7CF7721 /* DiscoveryView.swift in Sources */,
				3BACA906C5CDE1C344D1BF08 /* ExploreView.swift in Sources */,
				94636059BB20F6473808D42F /* GamesView.swift in Sources */,
				029268C43EECE4A86BBD21DC /* LikesView.swift in Sources */,
				66B160AB4BF70E14FB893F4E /* MainTabView.swift in Sources */,
				B16606F19F1DE3768DD4FE48 /* PodcastView.swift in Sources */,
				574791895ECB8F8B7EC1C6A0 /* ProfileView.swift in Sources */,
				20A959F38033A27ACDB337A1 /* RoomChatView.swift in Sources */,
				CECF99F425C855D27668CE6C /* RoomView.swift in Sources */,
				37198F8D7E28ED73DADF0EDE /* RoomsView.swift in Sources */,
				40F1359330B2A01ADC4C7E47 /* OnboardingView.swift in Sources */,
				D214C0B18FE5DE5F55452168 /* AuthService.swift in Sources */,
				B6FA5ACD6D500AC875390848 /* DataService.swift in Sources */,
			);
			runOnlyForDeploymentPostprocessing = 0;
		};
		4D33AD45EAF7E58DD0F1D97D /* Sources */ = {
			isa = PBXSourcesBuildPhase;
			buildActionMask = 2147483647;
			files = (
				0BBC401D6B2F7DBFC4684181 /* VibeUITests.swift in Sources */,
			);
			runOnlyForDeploymentPostprocessing = 0;
		};
/* End PBXSourcesBuildPhase section */

/* Begin XCBuildConfiguration section */
		D12546C7310DEE778E55E187 /* Debug */ = {
			isa = XCBuildConfiguration;
			buildSettings = {
				ALWAYS_SEARCH_USER_PATHS = NO;
				CLANG_ENABLE_MODULES = YES;
				CLANG_ENABLE_OBJC_ARC = YES;
				CLANG_ENABLE_OBJC_WEAK = YES;
				COPY_PHASE_STRIP = NO;
				DEBUG_INFORMATION_FORMAT = dwarf;
				ENABLE_STRICT_OBJC_MSGSEND = YES;
				ENABLE_TESTABILITY = YES;
				GCC_C_LANGUAGE_STANDARD = gnu11;
				GCC_NO_COMMON_BLOCKS = YES;
				GCC_OPTIMIZATION_LEVEL = 0;
				GCC_PREPROCESSOR_DEFINITIONS = (
					"DEBUG=1",
					"$(inherited)",
				);
				IPHONEOS_DEPLOYMENT_TARGET = 17.0;
				MTL_ENABLE_DEBUG_INFO = INCLUDE_SOURCE;
				MTL_FAST_MATH = YES;
				ONLY_ACTIVE_ARCH = YES;
				SDKROOT = iphoneos;
				SWIFT_ACTIVE_COMPILATION_CONDITIONS = DEBUG;
				SWIFT_OPTIMIZATION_LEVEL = "-Onone";
			};
			name = Debug;
		};
		AA23A758EC6A71B7321371F8 /* Release */ = {
			isa = XCBuildConfiguration;
			buildSettings = {
				ALWAYS_SEARCH_USER_PATHS = NO;
				CLANG_ENABLE_MODULES = YES;
				CLANG_ENABLE_OBJC_ARC = YES;
				CLANG_ENABLE_OBJC_WEAK = YES;
				COPY_PHASE_STRIP = NO;
				DEBUG_INFORMATION_FORMAT = "dwarf-with-dsym";
				ENABLE_NS_ASSERTIONS = NO;
				ENABLE_STRICT_OBJC_MSGSEND = YES;
				GCC_C_LANGUAGE_STANDARD = gnu11;
				GCC_NO_COMMON_BLOCKS = YES;
				IPHONEOS_DEPLOYMENT_TARGET = 17.0;
				MTL_ENABLE_DEBUG_INFO = NO;
				MTL_FAST_MATH = YES;
				SDKROOT = iphoneos;
				SWIFT_COMPILATION_MODE = wholemodule;
				SWIFT_OPTIMIZATION_LEVEL = "-O";
				VALIDATE_PRODUCT = YES;
			};
			name = Release;
		};
		E1698793B8B09B32821D3120 /* Debug */ = {
			isa = XCBuildConfiguration;
			buildSettings = {
				ASSETCATALOG_COMPILER_APPICON_NAME = AppIcon;
				ASSETCATALOG_COMPILER_GLOBAL_ACCENT_COLOR_NAME = AccentColor;
				CODE_SIGN_STYLE = Automatic;
				CODE_SIGN_ENTITLEMENTS = Vibe/Vibe.entitlements;
				CURRENT_PROJECT_VERSION = 1;
				GENERATE_INFOPLIST_FILE = NO;
				INFOPLIST_FILE = Vibe/Resources/Info.plist;
				IPHONEOS_DEPLOYMENT_TARGET = 17.0;
				LD_RUNPATH_SEARCH_PATHS = (
					"$(inherited)",
					"@executable_path/Frameworks",
				);
				MARKETING_VERSION = 1.0;
				PRODUCT_BUNDLE_IDENTIFIER = com.vibe.social;
				PRODUCT_NAME = "$(TARGET_NAME)";
				SWIFT_EMIT_LOC_STRINGS = YES;
				SWIFT_VERSION = 5.0;
				TARGETED_DEVICE_FAMILY = 1;
				SWIFT_ACTIVE_COMPILATION_CONDITIONS = DEBUG;
			};
			name = Debug;
		};
		FFACE85B9B63AB569355131D /* Release */ = {
			isa = XCBuildConfiguration;
			buildSettings = {
				ASSETCATALOG_COMPILER_APPICON_NAME = AppIcon;
				ASSETCATALOG_COMPILER_GLOBAL_ACCENT_COLOR_NAME = AccentColor;
				CODE_SIGN_STYLE = Automatic;
				CODE_SIGN_ENTITLEMENTS = Vibe/Vibe.entitlements;
				CURRENT_PROJECT_VERSION = 1;
				GENERATE_INFOPLIST_FILE = NO;
				INFOPLIST_FILE = Vibe/Resources/Info.plist;
				IPHONEOS_DEPLOYMENT_TARGET = 17.0;
				LD_RUNPATH_SEARCH_PATHS = (
					"$(inherited)",
					"@executable_path/Frameworks",
				);
				MARKETING_VERSION = 1.0;
				PRODUCT_BUNDLE_IDENTIFIER = com.vibe.social;
				PRODUCT_NAME = "$(TARGET_NAME)";
				SWIFT_EMIT_LOC_STRINGS = YES;
				SWIFT_VERSION = 5.0;
				TARGETED_DEVICE_FAMILY = 1;
			};
			name = Release;
		};
		3586798F2E5A1E447DCC679F /* Debug */ = {
			isa = XCBuildConfiguration;
			buildSettings = {
				CODE_SIGN_STYLE = Automatic;
				CURRENT_PROJECT_VERSION = 1;
				GENERATE_INFOPLIST_FILE = YES;
				IPHONEOS_DEPLOYMENT_TARGET = 17.0;
				MARKETING_VERSION = 1.0;
				PRODUCT_BUNDLE_IDENTIFIER = com.vibe.social.uitests;
				PRODUCT_NAME = "$(TARGET_NAME)";
				SWIFT_VERSION = 5.0;
				TARGETED_DEVICE_FAMILY = 1;
				TEST_TARGET_NAME = Vibe;
			};
			name = Debug;
		};
		1CD934CED34F765B739F256D /* Release */ = {
			isa = XCBuildConfiguration;
			buildSettings = {
				CODE_SIGN_STYLE = Automatic;
				CURRENT_PROJECT_VERSION = 1;
				GENERATE_INFOPLIST_FILE = YES;
				IPHONEOS_DEPLOYMENT_TARGET = 17.0;
				MARKETING_VERSION = 1.0;
				PRODUCT_BUNDLE_IDENTIFIER = com.vibe.social.uitests;
				PRODUCT_NAME = "$(TARGET_NAME)";
				SWIFT_VERSION = 5.0;
				TARGETED_DEVICE_FAMILY = 1;
				TEST_TARGET_NAME = Vibe;
			};
			name = Release;
		};
/* End XCBuildConfiguration section */

/* Begin XCConfigurationList section */
		6650A2B5E24FA7522CE6B81C /* Build configuration list for PBXProject "Vibe" */ = {
			isa = XCConfigurationList;
			buildConfigurations = (
				D12546C7310DEE778E55E187 /* Debug */,
				AA23A758EC6A71B7321371F8 /* Release */,
			);
			defaultConfigurationIsVisible = 0;
			defaultConfigurationName = Release;
		};
		7DE97F2CECB2601227982F09 /* Build configuration list for PBXNativeTarget "Vibe" */ = {
			isa = XCConfigurationList;
			buildConfigurations = (
				E1698793B8B09B32821D3120 /* Debug */,
				FFACE85B9B63AB569355131D /* Release */,
			);
			defaultConfigurationIsVisible = 0;
			defaultConfigurationName = Release;
		};
		58014BBE97CC20D7636AE8BD /* Build configuration list for PBXNativeTarget "VibeUITests" */ = {
			isa = XCConfigurationList;
			buildConfigurations = (
				3586798F2E5A1E447DCC679F /* Debug */,
				1CD934CED34F765B739F256D /* Release */,
			);
			defaultConfigurationIsVisible = 0;
			defaultConfigurationName = Release;
		};
/* End XCConfigurationList section */
	};
	rootObject = 98F54143AB4E86B28C3AFEE0 /* Project object */;
}
